
Microsoft Visual Studio Solution File, Format Version 12.00
# Visual Studio Version 17
VisualStudioVersion = 17.3.32929.385
MinimumVisualStudioVersion = 10.0.40219.1
Project("{FAE04EC0-301F-11D3-BF4B-00C04F79EFBC}") = "CS311_Project3_ZTS", "CS311_Project3_ZTS.csproj", "{D2C4057E-8EE6-4848-B39D-724D650A83D9}"
EndProject
Global
	GlobalSection(SolutionConfigurationPlatforms) = preSolution
		Debug|Any CPU = Debug|Any CPU
		Release|Any CPU = Release|Any CPU
	EndGlobalSection
	GlobalSection(ProjectConfigurationPlatforms) = postSolution
		{D2C4057E-8EE6-4848-B39D-724D650A83D9}.Debug|Any CPU.ActiveCfg = Debug|Any CPU
		{D2C4057E-8EE6-4848-B39D-724D650A83D9}.Debug|Any CPU.Build.0 = Debug|Any CPU
		{D2C4057E-8EE6-4848-B39D-724D650A83D9}.Release|Any CPU.ActiveCfg = Release|Any CPU
		{D2C4057E-8EE6-4848-B39D-724D650A83D9}.Release|Any CPU.Build.0 = Release|Any CPU
	EndGlobalSection
	GlobalSection(SolutionProperties) = preSolution
		HideSolutionNode = FALSE
	EndGlobalSection
	GlobalSection(ExtensibilityGlobals) = postSolution
		SolutionGuid = {9843CD2E-9CAD-4058-A33F-F406B120B965}
	EndGlobalSection
EndGlobal
